// !$*UTF8*$!
{
	archiveVersion = 1;
	classes = {
	};
	objectVersion = 55;
	objects = {

/* Begin PBXBuildFile section */
		1B045E55276B3DE40072CAAB /* main.cpp in Sources */ = {isa = PBXBuildFile; fileRef = 1B045E54276B3DE40072CAAB /* main.cpp */; };
		1B045E7F276B98920072CAAB /* Queue.cpp in Sources */ = {isa = PBXBuildFile; fileRef = 1B045E7D276B98920072CAAB /* Queue.cpp */; };
		1B045E82276B9A5F0072CAAB /* Agent.cpp in Sources */ = {isa = PBXBuildFile; fileRef = 1B045E80276B9A5F0072CAAB /* Agent.cpp */; };
		1B4C36322798BB0B00F2BDE4 /* TestNetwork.cpp in Sources */ = {isa = PBXBuildFile; fileRef = 1B4C36302798BB0B00F2BDE4 /* TestNetwork.cpp */; };
		1B63FAE327B3F39300761873 /* TestTask.cpp in Sources */ = {isa = PBXBuildFile; fileRef = 1B63FAE127B3F39300761873 /* TestTask.cpp */; };
		1BF2845127ABC4210094A6DF /* RemoteAgent.cpp in Sources */ = {isa = PBXBuildFile; fileRef = 1BF2844F27ABC4210094A6DF /* RemoteAgent.cpp */; };
		1BF2845527ABDCB00094A6DF /* TestContent.cpp in Sources */ = {isa = PBXBuildFile; fileRef = 1BF2845327ABDCB00094A6DF /* TestContent.cpp */; };
		1BF2845827ABEA4F0094A6DF /* DebugController.cpp in Sources */ = {isa = PBXBuildFile; fileRef = 1BF2845627ABEA4F0094A6DF /* DebugController.cpp */; };
		1BF656AD27AA9714008FAE81 /* Controller.cpp in Sources */ = {isa = PBXBuildFile; fileRef = 1BF656AB27AA9714008FAE81 /* Controller.cpp */; };
/* End PBXBuildFile section */

/* Begin PBXCopyFilesBuildPhase section */
		1B045E4F276B3DE40072CAAB /* CopyFiles */ = {
			isa = PBXCopyFilesBuildPhase;
			buildActionMask = 2147483647;
			dstPath = /usr/share/man/man1/;
			dstSubfolderSpec = 0;
			files = (
			);
			runOnlyForDeploymentPostprocessing = 1;
		};
/* End PBXCopyFilesBuildPhase section */

/* Begin PBXFileReference section */
		1B045E51276B3DE40072CAAB /* distributed_content_builder */ = {isa = PBXFileReference; explicitFileType = "compiled.mach-o.executable"; includeInIndex = 0; path = distributed_content_builder; sourceTree = BUILT_PRODUCTS_DIR; };
		1B045E54276B3DE40072CAAB /* main.cpp */ = {isa = PBXFileReference; lastKnownFileType = sourcecode.cpp.cpp; path = main.cpp; sourceTree = "<group>"; };
		1B045E7D276B98920072CAAB /* Queue.cpp */ = {isa = PBXFileReference; lastKnownFileType = sourcecode.cpp.cpp; path = Queue.cpp; sourceTree = "<group>"; };
		1B045E7E276B98920072CAAB /* Queue.hpp */ = {isa = PBXFileReference; lastKnownFileType = sourcecode.cpp.h; path = Queue.hpp; sourceTree = "<group>"; };
		1B045E80276B9A5F0072CAAB /* Agent.cpp */ = {isa = PBXFileReference; lastKnownFileType = sourcecode.cpp.cpp; path = Agent.cpp; sourceTree = "<group>"; };
		1B045E81276B9A5F0072CAAB /* Agent.hpp */ = {isa = PBXFileReference; lastKnownFileType = sourcecode.cpp.h; path = Agent.hpp; sourceTree = "<group>"; };
		1B4C36302798BB0B00F2BDE4 /* TestNetwork.cpp */ = {isa = PBXFileReference; lastKnownFileType = sourcecode.cpp.cpp; path = TestNetwork.cpp; sourceTree = "<group>"; };
		1B4C36312798BB0B00F2BDE4 /* TestNetwork.hpp */ = {isa = PBXFileReference; lastKnownFileType = sourcecode.cpp.h; path = TestNetwork.hpp; sourceTree = "<group>"; };
		1B63FAE127B3F39300761873 /* TestTask.cpp */ = {isa = PBXFileReference; lastKnownFileType = sourcecode.cpp.cpp; path = TestTask.cpp; sourceTree = "<group>"; };
		1B63FAE227B3F39300761873 /* TestTask.hpp */ = {isa = PBXFileReference; lastKnownFileType = sourcecode.cpp.h; path = TestTask.hpp; sourceTree = "<group>"; };
		1B63FAE727B5293300761873 /* README.md */ = {isa = PBXFileReference; fileEncoding = 4; lastKnownFileType = net.daringfireball.markdown; path = README.md; sourceTree = "<group>"; };
		1B63FAE827B529BB00761873 /* dcbs.svg */ = {isa = PBXFileReference; fileEncoding = 4; lastKnownFileType = text; path = dcbs.svg; sourceTree = "<group>"; };
		1B8178422798C3AC00DB442B /* MacLogger.hpp */ = {isa = PBXFileReference; lastKnownFileType = sourcecode.cpp.h; path = MacLogger.hpp; sourceTree = "<group>"; };
		1B9B2C152798A63300E60AD2 /* Interfaces.h */ = {isa = PBXFileReference; lastKnownFileType = sourcecode.c.h; path = Interfaces.h; sourceTree = "<group>"; };
		1BF2844F27ABC4210094A6DF /* RemoteAgent.cpp */ = {isa = PBXFileReference; lastKnownFileType = sourcecode.cpp.cpp; path = RemoteAgent.cpp; sourceTree = "<group>"; };
		1BF2845027ABC4210094A6DF /* RemoteAgent.hpp */ = {isa = PBXFileReference; lastKnownFileType = sourcecode.cpp.h; path = RemoteAgent.hpp; sourceTree = "<group>"; };
		1BF2845327ABDCB00094A6DF /* TestContent.cpp */ = {isa = PBXFileReference; lastKnownFileType = sourcecode.cpp.cpp; path = TestContent.cpp; sourceTree = "<group>"; };
		1BF2845427ABDCB00094A6DF /* TestContent.hpp */ = {isa = PBXFileReference; lastKnownFileType = sourcecode.cpp.h; path = TestContent.hpp; sourceTree = "<group>"; };
		1BF2845627ABEA4F0094A6DF /* DebugController.cpp */ = {isa = PBXFileReference; lastKnownFileType = sourcecode.cpp.cpp; path = DebugController.cpp; sourceTree = "<group>"; };
		1BF2845727ABEA4F0094A6DF /* DebugControllerDecorator.hpp */ = {isa = PBXFileReference; lastKnownFileType = sourcecode.cpp.h; path = DebugControllerDecorator.hpp; sourceTree = "<group>"; };
		1BF6569E27AA7A80008FAE81 /* ITask.h */ = {isa = PBXFileReference; lastKnownFileType = sourcecode.c.h; path = ITask.h; sourceTree = "<group>"; };
		1BF6569F27AA7B05008FAE81 /* IQueue.h */ = {isa = PBXFileReference; lastKnownFileType = sourcecode.c.h; path = IQueue.h; sourceTree = "<group>"; };
		1BF656A027AA7BC8008FAE81 /* ILogger.h */ = {isa = PBXFileReference; lastKnownFileType = sourcecode.c.h; path = ILogger.h; sourceTree = "<group>"; };
		1BF656A127AA7CA5008FAE81 /* INetwork.h */ = {isa = PBXFileReference; lastKnownFileType = sourcecode.c.h; path = INetwork.h; sourceTree = "<group>"; };
		1BF656A627AA7E09008FAE81 /* UnixLogger.h */ = {isa = PBXFileReference; lastKnownFileType = sourcecode.c.h; path = UnixLogger.h; sourceTree = "<group>"; };
		1BF656A727AA8EC7008FAE81 /* IController.h */ = {isa = PBXFileReference; lastKnownFileType = sourcecode.c.h; path = IController.h; sourceTree = "<group>"; };
		1BF656A827AA92CD008FAE81 /* IContent.h */ = {isa = PBXFileReference; lastKnownFileType = sourcecode.c.h; path = IContent.h; sourceTree = "<group>"; };
		1BF656A927AA93D1008FAE81 /* IRemoteAgent.h */ = {isa = PBXFileReference; lastKnownFileType = sourcecode.c.h; path = IRemoteAgent.h; sourceTree = "<group>"; };
		1BF656AB27AA9714008FAE81 /* Controller.cpp */ = {isa = PBXFileReference; lastKnownFileType = sourcecode.cpp.cpp; path = Controller.cpp; sourceTree = "<group>"; };
		1BF656AC27AA9714008FAE81 /* Controller.hpp */ = {isa = PBXFileReference; lastKnownFileType = sourcecode.cpp.h; path = Controller.hpp; sourceTree = "<group>"; };
/* End PBXFileReference section */

/* Begin PBXFrameworksBuildPhase section */
		1B045E4E276B3DE40072CAAB /* Frameworks */ = {
			isa = PBXFrameworksBuildPhase;
			buildActionMask = 2147483647;
			files = (
			);
			runOnlyForDeploymentPostprocessing = 0;
		};
/* End PBXFrameworksBuildPhase section */

/* Begin PBXGroup section */
		1B045E48276B3DE40072CAAB = {
			isa = PBXGroup;
			children = (
				1B63FAE827B529BB00761873 /* dcbs.svg */,
				1B63FAE727B5293300761873 /* README.md */,
				1B045E53276B3DE40072CAAB /* distributed_content_builder */,
				1B045E52276B3DE40072CAAB /* Products */,
			);
			sourceTree = "<group>";
		};
		1B045E52276B3DE40072CAAB /* Products */ = {
			isa = PBXGroup;
			children = (
				1B045E51276B3DE40072CAAB /* distributed_content_builder */,
			);
			name = Products;
			sourceTree = "<group>";
		};
		1B045E53276B3DE40072CAAB /* distributed_content_builder */ = {
			isa = PBXGroup;
			children = (
				1B63FAE427B3F39A00761873 /* TaskCompress */,
				1BF2845227ABDC8E0094A6DF /* Content */,
				1BF656AA27AA96F7008FAE81 /* Controller */,
				1BF656A527AA7DBC008FAE81 /* Logger */,
				1BF656A427AA7DA7008FAE81 /* Network */,
				1BF656A327AA7D85008FAE81 /* Queue */,
				1BF656A227AA7D75008FAE81 /* Agent */,
				1BF6569D27AA7A2C008FAE81 /* Interfaces */,
				1B045E54276B3DE40072CAAB /* main.cpp */,
			);
			path = distributed_content_builder;
			sourceTree = "<group>";
		};
		1B63FAE427B3F39A00761873 /* TaskCompress */ = {
			isa = PBXGroup;
			children = (
				1B63FAE127B3F39300761873 /* TestTask.cpp */,
				1B63FAE227B3F39300761873 /* TestTask.hpp */,
			);
			path = TaskCompress;
			sourceTree = "<group>";
		};
		1BF2845227ABDC8E0094A6DF /* Content */ = {
			isa = PBXGroup;
			children = (
				1BF2845327ABDCB00094A6DF /* TestContent.cpp */,
				1BF2845427ABDCB00094A6DF /* TestContent.hpp */,
			);
			path = Content;
			sourceTree = "<group>";
		};
		1BF6569D27AA7A2C008FAE81 /* Interfaces */ = {
			isa = PBXGroup;
			children = (
				1B9B2C152798A63300E60AD2 /* Interfaces.h */,
				1BF6569E27AA7A80008FAE81 /* ITask.h */,
				1BF6569F27AA7B05008FAE81 /* IQueue.h */,
				1BF656A027AA7BC8008FAE81 /* ILogger.h */,
				1BF656A127AA7CA5008FAE81 /* INetwork.h */,
				1BF656A727AA8EC7008FAE81 /* IController.h */,
				1BF656A827AA92CD008FAE81 /* IContent.h */,
				1BF656A927AA93D1008FAE81 /* IRemoteAgent.h */,
			);
			path = Interfaces;
			sourceTree = "<group>";
		};
		1BF656A227AA7D75008FAE81 /* Agent */ = {
			isa = PBXGroup;
			children = (
				1B045E80276B9A5F0072CAAB /* Agent.cpp */,
				1B045E81276B9A5F0072CAAB /* Agent.hpp */,
				1BF2844F27ABC4210094A6DF /* RemoteAgent.cpp */,
				1BF2845027ABC4210094A6DF /* RemoteAgent.hpp */,
			);
			path = Agent;
			sourceTree = "<group>";
		};
		1BF656A327AA7D85008FAE81 /* Queue */ = {
			isa = PBXGroup;
			children = (
				1B045E7D276B98920072CAAB /* Queue.cpp */,
				1B045E7E276B98920072CAAB /* Queue.hpp */,
			);
			path = Queue;
			sourceTree = "<group>";
		};
		1BF656A427AA7DA7008FAE81 /* Network */ = {
			isa = PBXGroup;
			children = (
				1B4C36302798BB0B00F2BDE4 /* TestNetwork.cpp */,
				1B4C36312798BB0B00F2BDE4 /* TestNetwork.hpp */,
			);
			path = Network;
			sourceTree = "<group>";
		};
		1BF656A527AA7DBC008FAE81 /* Logger */ = {
			isa = PBXGroup;
			children = (
				1B8178422798C3AC00DB442B /* MacLogger.hpp */,
				1BF656A627AA7E09008FAE81 /* UnixLogger.h */,
			);
			path = Logger;
			sourceTree = "<group>";
		};
		1BF656AA27AA96F7008FAE81 /* Controller */ = {
			isa = PBXGroup;
			children = (
				1BF656AB27AA9714008FAE81 /* Controller.cpp */,
				1BF656AC27AA9714008FAE81 /* Controller.hpp */,
				1BF2845627ABEA4F0094A6DF /* DebugController.cpp */,
				1BF2845727ABEA4F0094A6DF /* DebugControllerDecorator.hpp */,
			);
			path = Controller;
			sourceTree = "<group>";
		};
/* End PBXGroup section */

/* Begin PBXNativeTarget section */
		1B045E50276B3DE40072CAAB /* distributed_content_builder */ = {
			isa = PBXNativeTarget;
			buildConfigurationList = 1B045E58276B3DE40072CAAB /* Build configuration list for PBXNativeTarget "distributed_content_builder" */;
			buildPhases = (
				1B045E4D276B3DE40072CAAB /* Sources */,
				1B045E4E276B3DE40072CAAB /* Frameworks */,
				1B045E4F276B3DE40072CAAB /* CopyFiles */,
			);
			buildRules = (
			);
			dependencies = (
			);
			name = distributed_content_builder;
			productName = distributed_content_builder;
			productReference = 1B045E51276B3DE40072CAAB /* distributed_content_builder */;
			productType = "com.apple.product-type.tool";
		};
/* End PBXNativeTarget section */

/* Begin PBXProject section */
		1B045E49276B3DE40072CAAB /* Project object */ = {
			isa = PBXProject;
			attributes = {
				BuildIndependentTargetsInParallel = 1;
				LastUpgradeCheck = 1320;
				TargetAttributes = {
					1B045E50276B3DE40072CAAB = {
						CreatedOnToolsVersion = 13.2;
					};
				};
			};
			buildConfigurationList = 1B045E4C276B3DE40072CAAB /* Build configuration list for PBXProject "distributed_content_builder" */;
			compatibilityVersion = "Xcode 13.0";
			developmentRegion = en;
			hasScannedForEncodings = 0;
			knownRegions = (
				en,
				Base,
			);
			mainGroup = 1B045E48276B3DE40072CAAB;
			productRefGroup = 1B045E52276B3DE40072CAAB /* Products */;
			projectDirPath = "";
			projectRoot = "";
			targets = (
				1B045E50276B3DE40072CAAB /* distributed_content_builder */,
			);
		};
/* End PBXProject section */

/* Begin PBXSourcesBuildPhase section */
		1B045E4D276B3DE40072CAAB /* Sources */ = {
			isa = PBXSourcesBuildPhase;
			buildActionMask = 2147483647;
			files = (
				1B045E82276B9A5F0072CAAB /* Agent.cpp in Sources */,
				1B045E55276B3DE40072CAAB /* main.cpp in Sources */,
				1BF656AD27AA9714008FAE81 /* Controller.cpp in Sources */,
				1B4C36322798BB0B00F2BDE4 /* TestNetwork.cpp in Sources */,
				1B045E7F276B98920072CAAB /* Queue.cpp in Sources */,
				1BF2845527ABDCB00094A6DF /* TestContent.cpp in Sources */,
				1BF2845127ABC4210094A6DF /* RemoteAgent.cpp in Sources */,
				1BF2845827ABEA4F0094A6DF /* DebugController.cpp in Sources */,
				1B63FAE327B3F39300761873 /* TestTask.cpp in Sources */,
			);
			runOnlyForDeploymentPostprocessing = 0;
		};
/* End PBXSourcesBuildPhase section */

/* Begin XCBuildConfiguration section */
		1B045E56276B3DE40072CAAB /* Debug */ = {
			isa = XCBuildConfiguration;
			buildSettings = {
				ALWAYS_SEARCH_USER_PATHS = NO;
				CLANG_ANALYZER_NONNULL = YES;
				CLANG_ANALYZER_NUMBER_OBJECT_CONVERSION = YES_AGGRESSIVE;
				CLANG_CXX_LANGUAGE_STANDARD = "gnu++17";
				CLANG_CXX_LIBRARY = "libc++";
				CLANG_ENABLE_MODULES = YES;
				CLANG_ENABLE_OBJC_ARC = YES;
				CLANG_ENABLE_OBJC_WEAK = YES;
				CLANG_WARN_BLOCK_CAPTURE_AUTORELEASING = YES;
				CLANG_WARN_BOOL_CONVERSION = YES;
				CLANG_WARN_COMMA = YES;
				CLANG_WARN_CONSTANT_CONVERSION = YES;
				CLANG_WARN_DEPRECATED_OBJC_IMPLEMENTATIONS = YES;
				CLANG_WARN_DIRECT_OBJC_ISA_USAGE = YES_ERROR;
				CLANG_WARN_DOCUMENTATION_COMMENTS = YES;
				CLANG_WARN_EMPTY_BODY = YES;
				CLANG_WARN_ENUM_CONVERSION = YES;
				CLANG_WARN_INFINITE_RECURSION = YES;
				CLANG_WARN_INT_CONVERSION = YES;
				CLANG_WARN_NON_LITERAL_NULL_CONVERSION = YES;
				CLANG_WARN_OBJC_IMPLICIT_RETAIN_SELF = YES;
				CLANG_WARN_OBJC_LITERAL_CONVERSION = YES;
				CLANG_WARN_OBJC_ROOT_CLASS = YES_ERROR;
				CLANG_WARN_QUOTED_INCLUDE_IN_FRAMEWORK_HEADER = YES;
				CLANG_WARN_RANGE_LOOP_ANALYSIS = YES;
				CLANG_WARN_STRICT_PROTOTYPES = YES;
				CLANG_WARN_SUSPICIOUS_MOVE = YES;
				CLANG_WARN_UNGUARDED_AVAILABILITY = YES_AGGRESSIVE;
				CLANG_WARN_UNREACHABLE_CODE = YES;
				CLANG_WARN__DUPLICATE_METHOD_MATCH = YES;
				COPY_PHASE_STRIP = NO;
				DEBUG_INFORMATION_FORMAT = dwarf;
				ENABLE_STRICT_OBJC_MSGSEND = YES;
				ENABLE_TESTABILITY = YES;
				GCC_C_LANGUAGE_STANDARD = gnu11;
				GCC_DYNAMIC_NO_PIC = NO;
				GCC_NO_COMMON_BLOCKS = YES;
				GCC_OPTIMIZATION_LEVEL = 0;
				GCC_PREPROCESSOR_DEFINITIONS = (
					"DEBUG=1",
					"$(inherited)",
				);
				GCC_WARN_64_TO_32_BIT_CONVERSION = YES;
				GCC_WARN_ABOUT_RETURN_TYPE = YES_ERROR;
				GCC_WARN_UNDECLARED_SELECTOR = YES;
				GCC_WARN_UNINITIALIZED_AUTOS = YES_AGGRESSIVE;
				GCC_WARN_UNUSED_FUNCTION = YES;
				GCC_WARN_UNUSED_VARIABLE = YES;
				MACOSX_DEPLOYMENT_TARGET = 11.5;
				MTL_ENABLE_DEBUG_INFO = INCLUDE_SOURCE;
				MTL_FAST_MATH = YES;
				ONLY_ACTIVE_ARCH = YES;
				SDKROOT = macosx;
			};
			name = Debug;
		};
		1B045E57276B3DE40072CAAB /* Release */ = {
			isa = XCBuildConfiguration;
			buildSettings = {
				ALWAYS_SEARCH_USER_PATHS = NO;
				CLANG_ANALYZER_NONNULL = YES;
				CLANG_ANALYZER_NUMBER_OBJECT_CONVERSION = YES_AGGRESSIVE;
				CLANG_CXX_LANGUAGE_STANDARD = "gnu++17";
				CLANG_CXX_LIBRARY = "libc++";
				CLANG_ENABLE_MODULES = YES;
				CLANG_ENABLE_OBJC_ARC = YES;
				CLANG_ENABLE_OBJC_WEAK = YES;
				CLANG_WARN_BLOCK_CAPTURE_AUTORELEASING = YES;
				CLANG_WARN_BOOL_CONVERSION = YES;
				CLANG_WARN_COMMA = YES;
				CLANG_WARN_CONSTANT_CONVERSION = YES;
				CLANG_WARN_DEPRECATED_OBJC_IMPLEMENTATIONS = YES;
				CLANG_WARN_DIRECT_OBJC_ISA_USAGE = YES_ERROR;
				CLANG_WARN_DOCUMENTATION_COMMENTS = YES;
				CLANG_WARN_EMPTY_BODY = YES;
				CLANG_WARN_ENUM_CONVERSION = YES;
				CLANG_WARN_INFINITE_RECURSION = YES;
				CLANG_WARN_INT_CONVERSION = YES;
				CLANG_WARN_NON_LITERAL_NULL_CONVERSION = YES;
				CLANG_WARN_OBJC_IMPLICIT_RETAIN_SELF = YES;
				CLANG_WARN_OBJC_LITERAL_CONVERSION = YES;
				CLANG_WARN_OBJC_ROOT_CLASS = YES_ERROR;
				CLANG_WARN_QUOTED_INCLUDE_IN_FRAMEWORK_HEADER = YES;
				CLANG_WARN_RANGE_LOOP_ANALYSIS = YES;
				CLANG_WARN_STRICT_PROTOTYPES = YES;
				CLANG_WARN_SUSPICIOUS_MOVE = YES;
				CLANG_WARN_UNGUARDED_AVAILABILITY = YES_AGGRESSIVE;
				CLANG_WARN_UNREACHABLE_CODE = YES;
				CLANG_WARN__DUPLICATE_METHOD_MATCH = YES;
				COPY_PHASE_STRIP = NO;
				DEBUG_INFORMATION_FORMAT = "dwarf-with-dsym";
				ENABLE_NS_ASSERTIONS = NO;
				ENABLE_STRICT_OBJC_MSGSEND = YES;
				GCC_C_LANGUAGE_STANDARD = gnu11;
				GCC_NO_COMMON_BLOCKS = YES;
				GCC_WARN_64_TO_32_BIT_CONVERSION = YES;
				GCC_WARN_ABOUT_RETURN_TYPE = YES_ERROR;
				GCC_WARN_UNDECLARED_SELECTOR = YES;
				GCC_WARN_UNINITIALIZED_AUTOS = YES_AGGRESSIVE;
				GCC_WARN_UNUSED_FUNCTION = YES;
				GCC_WARN_UNUSED_VARIABLE = YES;
				MACOSX_DEPLOYMENT_TARGET = 11.5;
				MTL_ENABLE_DEBUG_INFO = NO;
				MTL_FAST_MATH = YES;
				SDKROOT = macosx;
			};
			name = Release;
		};
		1B045E59276B3DE40072CAAB /* Debug */ = {
			isa = XCBuildConfiguration;
			buildSettings = {
				CODE_SIGN_STYLE = Automatic;
				PRODUCT_NAME = "$(TARGET_NAME)";
			};
			name = Debug;
		};
		1B045E5A276B3DE40072CAAB /* Release */ = {
			isa = XCBuildConfiguration;
			buildSettings = {
				CODE_SIGN_STYLE = Automatic;
				PRODUCT_NAME = "$(TARGET_NAME)";
			};
			name = Release;
		};
/* End XCBuildConfiguration section */

/* Begin XCConfigurationList section */
		1B045E4C276B3DE40072CAAB /* Build configuration list for PBXProject "distributed_content_builder" */ = {
			isa = XCConfigurationList;
			buildConfigurations = (
				1B045E56276B3DE40072CAAB /* Debug */,
				1B045E57276B3DE40072CAAB /* Release */,
			);
			defaultConfigurationIsVisible = 0;
			defaultConfigurationName = Release;
		};
		1B045E58276B3DE40072CAAB /* Build configuration list for PBXNativeTarget "distributed_content_builder" */ = {
			isa = XCConfigurationList;
			buildConfigurations = (
				1B045E59276B3DE40072CAAB /* Debug */,
				1B045E5A276B3DE40072CAAB /* Release */,
			);
			defaultConfigurationIsVisible = 0;
			defaultConfigurationName = Release;
		};
/* End XCConfigurationList section */
	};
	rootObject = 1B045E49276B3DE40072CAAB /* Project object */;
}
